{
  "name": "graphql-otel",
  "version": "0.1.13",
  "lockfileVersion": 3,
  "requires": true,
  "packages": {
    "": {
      "name": "graphql-otel",
      "version": "0.1.13",
      "license": "MIT",
      "dependencies": {
        "@graphql-debugger/trace-directive": "0.0.0-alpha.48"
      },
      "engines": {
        "node": ">=18.0.0"
      }
    },
    "node_modules/@graphql-debugger/opentelemetry": {
      "version": "0.0.0-alpha.48",
      "resolved": "https://registry.npmjs.org/@graphql-debugger/opentelemetry/-/opentelemetry-0.0.0-alpha.48.tgz",
      "integrity": "sha512-No++deOw0J/h6z8cYwqA+ofQDyqBYW6nK5TmtYf96mvxdVyYFStcsvh9rmrGGvMzhfVo7Hmm63iBATeSqBXoog==",
      "dependencies": {
        "@opentelemetry/api": "1.4.1",
        "@opentelemetry/context-async-hooks": "1.15.2",
        "@opentelemetry/exporter-trace-otlp-http": "0.41.2",
        "@opentelemetry/otlp-exporter-base": "0.41.2",
        "@opentelemetry/resources": "1.15.2",
        "@opentelemetry/sdk-trace-base": "1.15.2",
        "@opentelemetry/semantic-conventions": "1.15.2"
      }
    },
    "node_modules/@graphql-debugger/trace-directive": {
      "version": "0.0.0-alpha.48",
      "resolved": "https://registry.npmjs.org/@graphql-debugger/trace-directive/-/trace-directive-0.0.0-alpha.48.tgz",
      "integrity": "sha512-GiSnTHoCGP8CR/eJ0Qd4P+Tf0+a/LTfyFX37yoPiVl9ttfRy7+tAftC1IDMKQC0fT8OiGozniVjBdw4+vjiClQ==",
      "dependencies": {
        "@graphql-debugger/opentelemetry": "0.0.0-alpha.48",
        "@graphql-debugger/utils": "0.0.0-alpha.48",
        "@graphql-tools/schema": "10.0.0",
        "@graphql-tools/utils": "10.0.6"
      },
      "peerDependencies": {
        "graphql": "^16.0.0 || ^17.0.0"
      }
    },
    "node_modules/@graphql-debugger/utils": {
      "version": "0.0.0-alpha.48",
      "resolved": "https://registry.npmjs.org/@graphql-debugger/utils/-/utils-0.0.0-alpha.48.tgz",
      "integrity": "sha512-4yAPsr9WtQXFcpJ3O5sfC9lAbcaO/zkQw4q5IIR9q45iL4OaawIqYIZ+OIWXNSPlmu6/pvKk8mdOR4Fds6Z0aA==",
      "dependencies": {
        "debug": "4.3.4",
        "safe-json-stringify": "1.2.0"
      },
      "peerDependencies": {
        "graphql": "^16.0.0 || ^17.0.0"
      }
    },
    "node_modules/@graphql-tools/merge": {
      "version": "9.0.0",
      "resolved": "https://registry.npmjs.org/@graphql-tools/merge/-/merge-9.0.0.tgz",
      "integrity": "sha512-J7/xqjkGTTwOJmaJQJ2C+VDBDOWJL3lKrHJN4yMaRLAJH3PosB7GiPRaSDZdErs0+F77sH2MKs2haMMkywzx7Q==",
      "dependencies": {
        "@graphql-tools/utils": "^10.0.0",
        "tslib": "^2.4.0"
      },
      "engines": {
        "node": ">=16.0.0"
      },
      "peerDependencies": {
        "graphql": "^14.0.0 || ^15.0.0 || ^16.0.0 || ^17.0.0"
      }
    },
    "node_modules/@graphql-tools/schema": {
      "version": "10.0.0",
      "resolved": "https://registry.npmjs.org/@graphql-tools/schema/-/schema-10.0.0.tgz",
      "integrity": "sha512-kf3qOXMFcMs2f/S8Y3A8fm/2w+GaHAkfr3Gnhh2LOug/JgpY/ywgFVxO3jOeSpSEdoYcDKLcXVjMigNbY4AdQg==",
      "dependencies": {
        "@graphql-tools/merge": "^9.0.0",
        "@graphql-tools/utils": "^10.0.0",
        "tslib": "^2.4.0",
        "value-or-promise": "^1.0.12"
      },
      "engines": {
        "node": ">=16.0.0"
      },
      "peerDependencies": {
        "graphql": "^14.0.0 || ^15.0.0 || ^16.0.0 || ^17.0.0"
      }
    },
    "node_modules/@graphql-tools/utils": {
      "version": "10.0.6",
      "resolved": "https://registry.npmjs.org/@graphql-tools/utils/-/utils-10.0.6.tgz",
      "integrity": "sha512-hZMjl/BbX10iagovakgf3IiqArx8TPsotq5pwBld37uIX1JiZoSbgbCIFol7u55bh32o6cfDEiiJgfAD5fbeyQ==",
      "dependencies": {
        "@graphql-typed-document-node/core": "^3.1.1",
        "dset": "^3.1.2",
        "tslib": "^2.4.0"
      },
      "engines": {
        "node": ">=16.0.0"
      },
      "peerDependencies": {
        "graphql": "^14.0.0 || ^15.0.0 || ^16.0.0 || ^17.0.0"
      }
    },
    "node_modules/@graphql-typed-document-node/core": {
      "version": "3.2.0",
      "resolved": "https://registry.npmjs.org/@graphql-typed-document-node/core/-/core-3.2.0.tgz",
      "integrity": "sha512-mB9oAsNCm9aM3/SOv4YtBMqZbYj10R7dkq8byBqxGY/ncFwhf2oQzMV+LCRlWoDSEBJ3COiR1yeDvMtsoOsuFQ==",
      "peerDependencies": {
        "graphql": "^0.8.0 || ^0.9.0 || ^0.10.0 || ^0.11.0 || ^0.12.0 || ^0.13.0 || ^14.0.0 || ^15.0.0 || ^16.0.0 || ^17.0.0"
      }
    },
    "node_modules/@opentelemetry/api": {
      "version": "1.4.1",
      "resolved": "https://registry.npmjs.org/@opentelemetry/api/-/api-1.4.1.tgz",
      "integrity": "sha512-O2yRJce1GOc6PAy3QxFM4NzFiWzvScDC1/5ihYBL6BUEVdq0XMWN01sppE+H6bBXbaFYipjwFLEWLg5PaSOThA==",
      "engines": {
        "node": ">=8.0.0"
      }
    },
    "node_modules/@opentelemetry/api-logs": {
      "version": "0.41.2",
      "resolved": "https://registry.npmjs.org/@opentelemetry/api-logs/-/api-logs-0.41.2.tgz",
      "integrity": "sha512-JEV2RAqijAFdWeT6HddYymfnkiRu2ASxoTBr4WsnGJhOjWZkEy6vp+Sx9ozr1NaIODOa2HUyckExIqQjn6qywQ==",
      "dependencies": {
        "@opentelemetry/api": "^1.0.0"
      },
      "engines": {
        "node": ">=14"
      }
    },
    "node_modules/@opentelemetry/context-async-hooks": {
      "version": "1.15.2",
      "resolved": "https://registry.npmjs.org/@opentelemetry/context-async-hooks/-/context-async-hooks-1.15.2.tgz",
      "integrity": "sha512-VAMHG67srGFQDG/N2ns5AyUT9vUcoKpZ/NpJ5fDQIPfJd7t3ju+aHwvDsMcrYBWuCh03U3Ky6o16+872CZchBg==",
      "engines": {
        "node": ">=14"
      },
      "peerDependencies": {
        "@opentelemetry/api": ">=1.0.0 <1.5.0"
      }
    },
    "node_modules/@opentelemetry/core": {
      "version": "1.15.2",
      "resolved": "https://registry.npmjs.org/@opentelemetry/core/-/core-1.15.2.tgz",
      "integrity": "sha512-+gBv15ta96WqkHZaPpcDHiaz0utiiHZVfm2YOYSqFGrUaJpPkMoSuLBB58YFQGi6Rsb9EHos84X6X5+9JspmLw==",
      "dependencies": {
        "@opentelemetry/semantic-conventions": "1.15.2"
      },
      "engines": {
        "node": ">=14"
      },
      "peerDependencies": {
        "@opentelemetry/api": ">=1.0.0 <1.5.0"
      }
    },
    "node_modules/@opentelemetry/exporter-trace-otlp-http": {
      "version": "0.41.2",
      "resolved": "https://registry.npmjs.org/@opentelemetry/exporter-trace-otlp-http/-/exporter-trace-otlp-http-0.41.2.tgz",
      "integrity": "sha512-Y0fGLipjZXLMelWtlS1/MDtrPxf25oM408KukRdkN31a1MEFo4h/ZkNwS7ZfmqHGUa+4rWRt2bi6JBiqy7Ytgw==",
      "dependencies": {
        "@opentelemetry/core": "1.15.2",
        "@opentelemetry/otlp-exporter-base": "0.41.2",
        "@opentelemetry/otlp-transformer": "0.41.2",
        "@opentelemetry/resources": "1.15.2",
        "@opentelemetry/sdk-trace-base": "1.15.2"
      },
      "engines": {
        "node": ">=14"
      },
      "peerDependencies": {
        "@opentelemetry/api": "^1.0.0"
      }
    },
    "node_modules/@opentelemetry/otlp-exporter-base": {
      "version": "0.41.2",
      "resolved": "https://registry.npmjs.org/@opentelemetry/otlp-exporter-base/-/otlp-exporter-base-0.41.2.tgz",
      "integrity": "sha512-pfwa6d+Dax3itZcGWiA0AoXeVaCuZbbqUTsCtOysd2re8C2PWXNxDONUfBWsn+KgxAdi+ljwTjJGiaVLDaIEvQ==",
      "dependencies": {
        "@opentelemetry/core": "1.15.2"
      },
      "engines": {
        "node": ">=14"
      },
      "peerDependencies": {
        "@opentelemetry/api": "^1.0.0"
      }
    },
    "node_modules/@opentelemetry/otlp-transformer": {
      "version": "0.41.2",
      "resolved": "https://registry.npmjs.org/@opentelemetry/otlp-transformer/-/otlp-transformer-0.41.2.tgz",
      "integrity": "sha512-jJbPwB0tNu2v+Xi0c/v/R3YBLJKLonw1p+v3RVjT2VfzeUyzSp/tBeVdY7RZtL6dzZpA9XSmp8UEfWIFQo33yA==",
      "dependencies": {
        "@opentelemetry/api-logs": "0.41.2",
        "@opentelemetry/core": "1.15.2",
        "@opentelemetry/resources": "1.15.2",
        "@opentelemetry/sdk-logs": "0.41.2",
        "@opentelemetry/sdk-metrics": "1.15.2",
        "@opentelemetry/sdk-trace-base": "1.15.2"
      },
      "engines": {
        "node": ">=14"
      },
      "peerDependencies": {
        "@opentelemetry/api": ">=1.3.0 <1.5.0"
      }
    },
    "node_modules/@opentelemetry/resources": {
      "version": "1.15.2",
      "resolved": "https://registry.npmjs.org/@opentelemetry/resources/-/resources-1.15.2.tgz",
      "integrity": "sha512-xmMRLenT9CXmm5HMbzpZ1hWhaUowQf8UB4jMjFlAxx1QzQcsD3KFNAVX/CAWzFPtllTyTplrA4JrQ7sCH3qmYw==",
      "dependencies": {
        "@opentelemetry/core": "1.15.2",
        "@opentelemetry/semantic-conventions": "1.15.2"
      },
      "engines": {
        "node": ">=14"
      },
      "peerDependencies": {
        "@opentelemetry/api": ">=1.0.0 <1.5.0"
      }
    },
    "node_modules/@opentelemetry/sdk-logs": {
      "version": "0.41.2",
      "resolved": "https://registry.npmjs.org/@opentelemetry/sdk-logs/-/sdk-logs-0.41.2.tgz",
      "integrity": "sha512-smqKIw0tTW15waj7BAPHFomii5c3aHnSE4LQYTszGoK5P9nZs8tEAIpu15UBxi3aG31ZfsLmm4EUQkjckdlFrw==",
      "dependencies": {
        "@opentelemetry/core": "1.15.2",
        "@opentelemetry/resources": "1.15.2"
      },
      "engines": {
        "node": ">=14"
      },
      "peerDependencies": {
        "@opentelemetry/api": ">=1.4.0 <1.5.0",
        "@opentelemetry/api-logs": ">=0.39.1"
      }
    },
    "node_modules/@opentelemetry/sdk-metrics": {
      "version": "1.15.2",
      "resolved": "https://registry.npmjs.org/@opentelemetry/sdk-metrics/-/sdk-metrics-1.15.2.tgz",
      "integrity": "sha512-9aIlcX8GnhcsAHW/Wl8bzk4ZnWTpNlLtud+fxUfBtFATu6OZ6TrGrF4JkT9EVrnoxwtPIDtjHdEsSjOqisY/iA==",
      "dependencies": {
        "@opentelemetry/core": "1.15.2",
        "@opentelemetry/resources": "1.15.2",
        "lodash.merge": "^4.6.2"
      },
      "engines": {
        "node": ">=14"
      },
      "peerDependencies": {
        "@opentelemetry/api": ">=1.3.0 <1.5.0"
      }
    },
    "node_modules/@opentelemetry/sdk-trace-base": {
      "version": "1.15.2",
      "resolved": "https://registry.npmjs.org/@opentelemetry/sdk-trace-base/-/sdk-trace-base-1.15.2.tgz",
      "integrity": "sha512-BEaxGZbWtvnSPchV98qqqqa96AOcb41pjgvhfzDij10tkBhIu9m0Jd6tZ1tJB5ZHfHbTffqYVYE0AOGobec/EQ==",
      "dependencies": {
        "@opentelemetry/core": "1.15.2",
        "@opentelemetry/resources": "1.15.2",
        "@opentelemetry/semantic-conventions": "1.15.2"
      },
      "engines": {
        "node": ">=14"
      },
      "peerDependencies": {
        "@opentelemetry/api": ">=1.0.0 <1.5.0"
      }
    },
    "node_modules/@opentelemetry/semantic-conventions": {
      "version": "1.15.2",
      "resolved": "https://registry.npmjs.org/@opentelemetry/semantic-conventions/-/semantic-conventions-1.15.2.tgz",
      "integrity": "sha512-CjbOKwk2s+3xPIMcd5UNYQzsf+v94RczbdNix9/kQh38WiQkM90sUOi3if8eyHFgiBjBjhwXrA7W3ydiSQP9mw==",
      "engines": {
        "node": ">=14"
      }
    },
    "node_modules/debug": {
      "version": "4.3.4",
      "resolved": "https://registry.npmjs.org/debug/-/debug-4.3.4.tgz",
      "integrity": "sha512-PRWFHuSU3eDtQJPvnNY7Jcket1j0t5OuOsFzPPzsekD52Zl8qUfFIPEiswXqIvHWGVHOgX+7G/vCNNhehwxfkQ==",
      "dependencies": {
        "ms": "2.1.2"
      },
      "engines": {
        "node": ">=6.0"
      },
      "peerDependenciesMeta": {
        "supports-color": {
          "optional": true
        }
      }
    },
    "node_modules/dset": {
      "version": "3.1.2",
      "resolved": "https://registry.npmjs.org/dset/-/dset-3.1.2.tgz",
      "integrity": "sha512-g/M9sqy3oHe477Ar4voQxWtaPIFw1jTdKZuomOjhCcBx9nHUNn0pu6NopuFFrTh/TRZIKEj+76vLWFu9BNKk+Q==",
      "engines": {
        "node": ">=4"
      }
    },
    "node_modules/graphql": {
      "version": "16.8.0",
      "resolved": "https://registry.npmjs.org/graphql/-/graphql-16.8.0.tgz",
      "integrity": "sha512-0oKGaR+y3qcS5mCu1vb7KG+a89vjn06C7Ihq/dDl3jA+A8B3TKomvi3CiEcVLJQGalbu8F52LxkOym7U5sSfbg==",
      "peer": true,
      "engines": {
        "node": "^12.22.0 || ^14.16.0 || ^16.0.0 || >=17.0.0"
      }
    },
    "node_modules/lodash.merge": {
      "version": "4.6.2",
      "resolved": "https://registry.npmjs.org/lodash.merge/-/lodash.merge-4.6.2.tgz",
      "integrity": "sha512-0KpjqXRVvrYyCsX1swR/XTK0va6VQkQM6MNo7PqW77ByjAhoARA8EfrP1N4+KlKj8YS0ZUCtRT/YUuhyYDujIQ=="
    },
    "node_modules/ms": {
      "version": "2.1.2",
      "resolved": "https://registry.npmjs.org/ms/-/ms-2.1.2.tgz",
      "integrity": "sha512-sGkPx+VjMtmA6MX27oA4FBFELFCZZ4S4XqeGOXCv68tT+jb3vk/RyaKWP0PTKyWtmLSM0b+adUTEvbs1PEaH2w=="
    },
    "node_modules/safe-json-stringify": {
      "version": "1.2.0",
      "resolved": "https://registry.npmjs.org/safe-json-stringify/-/safe-json-stringify-1.2.0.tgz",
      "integrity": "sha512-gH8eh2nZudPQO6TytOvbxnuhYBOvDBBLW52tz5q6X58lJcd/tkmqFR+5Z9adS8aJtURSXWThWy/xJtJwixErvg=="
    },
    "node_modules/tslib": {
      "version": "2.6.2",
      "resolved": "https://registry.npmjs.org/tslib/-/tslib-2.6.2.tgz",
      "integrity": "sha512-AEYxH93jGFPn/a2iVAwW87VuUIkR1FVUKB77NwMF7nBTDkDrrT/Hpt/IrCJ0QXhW27jTBDcf5ZY7w6RiqTMw2Q=="
    },
    "node_modules/value-or-promise": {
      "version": "1.0.12",
      "resolved": "https://registry.npmjs.org/value-or-promise/-/value-or-promise-1.0.12.tgz",
      "integrity": "sha512-Z6Uz+TYwEqE7ZN50gwn+1LCVo9ZVrpxRPOhOLnncYkY1ZzOYtrX8Fwf/rFktZ8R5mJms6EZf5TqNOMeZmnPq9Q==",
      "engines": {
        "node": ">=12"
      }
    }
  }
}
